
Microsoft Visual Studio Solution File, Format Version 12.00
# Visual Studio Version 16
VisualStudioVersion = 16.0.28803.156
MinimumVisualStudioVersion = 10.0.40219.1
Project("{FAE04EC0-301F-11D3-BF4B-00C04F79EFBC}") = "DopZad", "DopZad\DopZad.csproj", "{6C5CBCC4-1CC5-4901-9FA9-FA7A9EB9F913}"
EndProject
Global
	GlobalSection(SolutionConfigurationPlatforms) = preSolution
		Debug|Any CPU = Debug|Any CPU
		Release|Any CPU = Release|Any CPU
	EndGlobalSection
	GlobalSection(ProjectConfigurationPlatforms) = postSolution
		{6C5CBCC4-1CC5-4901-9FA9-FA7A9EB9F913}.Debug|Any CPU.ActiveCfg = Debug|Any CPU
		{6C5CBCC4-1CC5-4901-9FA9-FA7A9EB9F913}.Debug|Any CPU.Build.0 = Debug|Any CPU
		{6C5CBCC4-1CC5-4901-9FA9-FA7A9EB9F913}.Release|Any CPU.ActiveCfg = Release|Any CPU
		{6C5CBCC4-1CC5-4901-9FA9-FA7A9EB9F913}.Release|Any CPU.Build.0 = Release|Any CPU
	EndGlobalSection
	GlobalSection(SolutionProperties) = preSolution
		HideSolutionNode = FALSE
	EndGlobalSection
	GlobalSection(ExtensibilityGlobals) = postSolution
		SolutionGuid = {A991B7EA-5E04-43E1-A2A6-FB178ADCBE31}
	EndGlobalSection
EndGlobal
